
Microsoft Visual Studio Solution File, Format Version 12.00
# Visual Studio Version 16
VisualStudioVersion = 16.0.33927.289
MinimumVisualStudioVersion = 10.0.40219.1
Project("{FAE04EC0-301F-11D3-BF4B-00C04F79EFBC}") = "InventoryManagement", "InventoryManagement.csproj", "{DA5EAE7C-4804-4991-AA24-9B637AF35AE5}"
EndProject
Global
	GlobalSection(SolutionConfigurationPlatforms) = preSolution
		Debug|Any CPU = Debug|Any CPU
		Release|Any CPU = Release|Any CPU
	EndGlobalSection
	GlobalSection(ProjectConfigurationPlatforms) = postSolution
		{DA5EAE7C-4804-4991-AA24-9B637AF35AE5}.Debug|Any CPU.ActiveCfg = Debug|Any CPU
		{DA5EAE7C-4804-4991-AA24-9B637AF35AE5}.Debug|Any CPU.Build.0 = Debug|Any CPU
		{DA5EAE7C-4804-4991-AA24-9B637AF35AE5}.Release|Any CPU.ActiveCfg = Release|Any CPU
		{DA5EAE7C-4804-4991-AA24-9B637AF35AE5}.Release|Any CPU.Build.0 = Release|Any CPU
	EndGlobalSection
	GlobalSection(SolutionProperties) = preSolution
		HideSolutionNode = FALSE
	EndGlobalSection
	GlobalSection(ExtensibilityGlobals) = postSolution
		SolutionGuid = {D21C4A54-95B9-43B7-99A6-63784ED6A053}
	EndGlobalSection
EndGlobal
