
Microsoft Visual Studio Solution File, Format Version 12.00
# Visual Studio 15
VisualStudioVersion = 15.0.26124.0
MinimumVisualStudioVersion = 15.0.26124.0
Project("{FAE04EC0-301F-11D3-BF4B-00C04F79EFBC}") = "Text", "Text\Text.csproj", "{3393127D-7FC8-4B46-B28B-1685F599C709}"
EndProject
Project("{FAE04EC0-301F-11D3-BF4B-00C04F79EFBC}") = "Text.Tests", "Text.Tests\Text.Tests.csproj", "{C06C21ED-65C7-4DEC-9B6A-0D1EA3C1B972}"
EndProject
Global
	GlobalSection(SolutionConfigurationPlatforms) = preSolution
		Debug|Any CPU = Debug|Any CPU
		Debug|x64 = Debug|x64
		Debug|x86 = Debug|x86
		Release|Any CPU = Release|Any CPU
		Release|x64 = Release|x64
		Release|x86 = Release|x86
	EndGlobalSection
	GlobalSection(SolutionProperties) = preSolution
		HideSolutionNode = FALSE
	EndGlobalSection
	GlobalSection(ProjectConfigurationPlatforms) = postSolution
		{3393127D-7FC8-4B46-B28B-1685F599C709}.Debug|Any CPU.ActiveCfg = Debug|Any CPU
		{3393127D-7FC8-4B46-B28B-1685F599C709}.Debug|Any CPU.Build.0 = Debug|Any CPU
		{3393127D-7FC8-4B46-B28B-1685F599C709}.Debug|x64.ActiveCfg = Debug|Any CPU
		{3393127D-7FC8-4B46-B28B-1685F599C709}.Debug|x64.Build.0 = Debug|Any CPU
		{3393127D-7FC8-4B46-B28B-1685F599C709}.Debug|x86.ActiveCfg = Debug|Any CPU
		{3393127D-7FC8-4B46-B28B-1685F599C709}.Debug|x86.Build.0 = Debug|Any CPU
		{3393127D-7FC8-4B46-B28B-1685F599C709}.Release|Any CPU.ActiveCfg = Release|Any CPU
		{3393127D-7FC8-4B46-B28B-1685F599C709}.Release|Any CPU.Build.0 = Release|Any CPU
		{3393127D-7FC8-4B46-B28B-1685F599C709}.Release|x64.ActiveCfg = Release|Any CPU
		{3393127D-7FC8-4B46-B28B-1685F599C709}.Release|x64.Build.0 = Release|Any CPU
		{3393127D-7FC8-4B46-B28B-1685F599C709}.Release|x86.ActiveCfg = Release|Any CPU
		{3393127D-7FC8-4B46-B28B-1685F599C709}.Release|x86.Build.0 = Release|Any CPU
		{C06C21ED-65C7-4DEC-9B6A-0D1EA3C1B972}.Debug|Any CPU.ActiveCfg = Debug|Any CPU
		{C06C21ED-65C7-4DEC-9B6A-0D1EA3C1B972}.Debug|Any CPU.Build.0 = Debug|Any CPU
		{C06C21ED-65C7-4DEC-9B6A-0D1EA3C1B972}.Debug|x64.ActiveCfg = Debug|Any CPU
		{C06C21ED-65C7-4DEC-9B6A-0D1EA3C1B972}.Debug|x64.Build.0 = Debug|Any CPU
		{C06C21ED-65C7-4DEC-9B6A-0D1EA3C1B972}.Debug|x86.ActiveCfg = Debug|Any CPU
		{C06C21ED-65C7-4DEC-9B6A-0D1EA3C1B972}.Debug|x86.Build.0 = Debug|Any CPU
		{C06C21ED-65C7-4DEC-9B6A-0D1EA3C1B972}.Release|Any CPU.ActiveCfg = Release|Any CPU
		{C06C21ED-65C7-4DEC-9B6A-0D1EA3C1B972}.Release|Any CPU.Build.0 = Release|Any CPU
		{C06C21ED-65C7-4DEC-9B6A-0D1EA3C1B972}.Release|x64.ActiveCfg = Release|Any CPU
		{C06C21ED-65C7-4DEC-9B6A-0D1EA3C1B972}.Release|x64.Build.0 = Release|Any CPU
		{C06C21ED-65C7-4DEC-9B6A-0D1EA3C1B972}.Release|x86.ActiveCfg = Release|Any CPU
		{C06C21ED-65C7-4DEC-9B6A-0D1EA3C1B972}.Release|x86.Build.0 = Release|Any CPU
	EndGlobalSection
EndGlobal
